// !$*UTF8*$!
{
	archiveVersion = 1;
	classes = {
	};
	objectVersion = 50;
	objects = {

/* Begin PBXBuildFile section */
		2B07DF242596C64300D91D72 /* AppDelegate.swift in Sources */ = {isa = PBXBuildFile; fileRef = 2B07DF232596C64300D91D72 /* AppDelegate.swift */; };
		2B07DF262596C64300D91D72 /* art.scnassets in Resources */ = {isa = PBXBuildFile; fileRef = 2B07DF252596C64300D91D72 /* art.scnassets */; };
		2B07DF282596C64300D91D72 /* ViewController.swift in Sources */ = {isa = PBXBuildFile; fileRef = 2B07DF272596C64300D91D72 /* ViewController.swift */; };
		2B07DF2B2596C64300D91D72 /* Main.storyboard in Resources */ = {isa = PBXBuildFile; fileRef = 2B07DF292596C64300D91D72 /* Main.storyboard */; };
		2B07DF2D2596C64500D91D72 /* Assets.xcassets in Resources */ = {isa = PBXBuildFile; fileRef = 2B07DF2C2596C64500D91D72 /* Assets.xcassets */; };
		2B07DF302596C64500D91D72 /* LaunchScreen.storyboard in Resources */ = {isa = PBXBuildFile; fileRef = 2B07DF2E2596C64500D91D72 /* LaunchScreen.storyboard */; };
		2B07DF3B2596C64500D91D72 /* Artemis_ARxTests.swift in Sources */ = {isa = PBXBuildFile; fileRef = 2B07DF3A2596C64500D91D72 /* Artemis_ARxTests.swift */; };
		2B07DF462596C64600D91D72 /* Artemis_ARxUITests.swift in Sources */ = {isa = PBXBuildFile; fileRef = 2B07DF452596C64600D91D72 /* Artemis_ARxUITests.swift */; };
/* End PBXBuildFile section */

/* Begin PBXContainerItemProxy section */
		2B07DF372596C64500D91D72 /* PBXContainerItemProxy */ = {
			isa = PBXContainerItemProxy;
			containerPortal = 2B07DF182596C64300D91D72 /* Project object */;
			proxyType = 1;
			remoteGlobalIDString = 2B07DF1F2596C64300D91D72;
			remoteInfo = "Artemis-ARx";
		};
		2B07DF422596C64600D91D72 /* PBXContainerItemProxy */ = {
			isa = PBXContainerItemProxy;
			containerPortal = 2B07DF182596C64300D91D72 /* Project object */;
			proxyType = 1;
			remoteGlobalIDString = 2B07DF1F2596C64300D91D72;
			remoteInfo = "Artemis-ARx";
		};
/* End PBXContainerItemProxy section */

/* Begin PBXFileReference section */
		2B07DF202596C64300D91D72 /* Artemis-ARx.app */ = {isa = PBXFileReference; explicitFileType = wrapper.application; includeInIndex = 0; path = "Artemis-ARx.app"; sourceTree = BUILT_PRODUCTS_DIR; };
		2B07DF232596C64300D91D72 /* AppDelegate.swift */ = {isa = PBXFileReference; lastKnownFileType = sourcecode.swift; path = AppDelegate.swift; sourceTree = "<group>"; };
		2B07DF252596C64300D91D72 /* art.scnassets */ = {isa = PBXFileReference; lastKnownFileType = wrapper.scnassets; path = art.scnassets; sourceTree = "<group>"; };
		2B07DF272596C64300D91D72 /* ViewController.swift */ = {isa = PBXFileReference; lastKnownFileType = sourcecode.swift; path = ViewController.swift; sourceTree = "<group>"; };
		2B07DF2A2596C64300D91D72 /* Base */ = {isa = PBXFileReference; lastKnownFileType = file.storyboard; name = Base; path = Base.lproj/Main.storyboard; sourceTree = "<group>"; };
		2B07DF2C2596C64500D91D72 /* Assets.xcassets */ = {isa = PBXFileReference; lastKnownFileType = folder.assetcatalog; path = Assets.xcassets; sourceTree = "<group>"; };
		2B07DF2F2596C64500D91D72 /* Base */ = {isa = PBXFileReference; lastKnownFileType = file.storyboard; name = Base; path = Base.lproj/LaunchScreen.storyboard; sourceTree = "<group>"; };
		2B07DF312596C64500D91D72 /* Info.plist */ = {isa = PBXFileReference; lastKnownFileType = text.plist.xml; path = Info.plist; sourceTree = "<group>"; };
		2B07DF362596C64500D91D72 /* Artemis-ARxTests.xctest */ = {isa = PBXFileReference; explicitFileType = wrapper.cfbundle; includeInIndex = 0; path = "Artemis-ARxTests.xctest"; sourceTree = BUILT_PRODUCTS_DIR; };
		2B07DF3A2596C64500D91D72 /* Artemis_ARxTests.swift */ = {isa = PBXFileReference; lastKnownFileType = sourcecode.swift; path = Artemis_ARxTests.swift; sourceTree = "<group>"; };
		2B07DF3C2596C64500D91D72 /* Info.plist */ = {isa = PBXFileReference; lastKnownFileType = text.plist.xml; path = Info.plist; sourceTree = "<group>"; };
		2B07DF412596C64600D91D72 /* Artemis-ARxUITests.xctest */ = {isa = PBXFileReference; explicitFileType = wrapper.cfbundle; includeInIndex = 0; path = "Artemis-ARxUITests.xctest"; sourceTree = BUILT_PRODUCTS_DIR; };
		2B07DF452596C64600D91D72 /* Artemis_ARxUITests.swift */ = {isa = PBXFileReference; lastKnownFileType = sourcecode.swift; path = Artemis_ARxUITests.swift; sourceTree = "<group>"; };
		2B07DF472596C64600D91D72 /* Info.plist */ = {isa = PBXFileReference; lastKnownFileType = text.plist.xml; path = Info.plist; sourceTree = "<group>"; };
/* End PBXFileReference section */

/* Begin PBXFrameworksBuildPhase section */
		2B07DF1D2596C64300D91D72 /* Frameworks */ = {
			isa = PBXFrameworksBuildPhase;
			buildActionMask = 2147483647;
			files = (
			);
			runOnlyForDeploymentPostprocessing = 0;
		};
		2B07DF332596C64500D91D72 /* Frameworks */ = {
			isa = PBXFrameworksBuildPhase;
			buildActionMask = 2147483647;
			files = (
			);
			runOnlyForDeploymentPostprocessing = 0;
		};
		2B07DF3E2596C64600D91D72 /* Frameworks */ = {
			isa = PBXFrameworksBuildPhase;
			buildActionMask = 2147483647;
			files = (
			);
			runOnlyForDeploymentPostprocessing = 0;
		};
/* End PBXFrameworksBuildPhase section */

/* Begin PBXGroup section */
		2B07DF172596C64300D91D72 = {
			isa = PBXGroup;
			children = (
				2B07DF222596C64300D91D72 /* Artemis-ARx */,
				2B07DF392596C64500D91D72 /* Artemis-ARxTests */,
				2B07DF442596C64600D91D72 /* Artemis-ARxUITests */,
				2B07DF212596C64300D91D72 /* Products */,
			);
			sourceTree = "<group>";
		};
		2B07DF212596C64300D91D72 /* Products */ = {
			isa = PBXGroup;
			children = (
				2B07DF202596C64300D91D72 /* Artemis-ARx.app */,
				2B07DF362596C64500D91D72 /* Artemis-ARxTests.xctest */,
				2B07DF412596C64600D91D72 /* Artemis-ARxUITests.xctest */,
			);
			name = Products;
			sourceTree = "<group>";
		};
		2B07DF222596C64300D91D72 /* Artemis-ARx */ = {
			isa = PBXGroup;
			children = (
				2B07DF232596C64300D91D72 /* AppDelegate.swift */,
				2B07DF252596C64300D91D72 /* art.scnassets */,
				2B07DF272596C64300D91D72 /* ViewController.swift */,
				2B07DF292596C64300D91D72 /* Main.storyboard */,
				2B07DF2C2596C64500D91D72 /* Assets.xcassets */,
				2B07DF2E2596C64500D91D72 /* LaunchScreen.storyboard */,
				2B07DF312596C64500D91D72 /* Info.plist */,
			);
			path = "Artemis-ARx";
			sourceTree = "<group>";
		};
		2B07DF392596C64500D91D72 /* Artemis-ARxTests */ = {
			isa = PBXGroup;
			children = (
				2B07DF3A2596C64500D91D72 /* Artemis_ARxTests.swift */,
				2B07DF3C2596C64500D91D72 /* Info.plist */,
			);
			path = "Artemis-ARxTests";
			sourceTree = "<group>";
		};
		2B07DF442596C64600D91D72 /* Artemis-ARxUITests */ = {
			isa = PBXGroup;
			children = (
				2B07DF452596C64600D91D72 /* Artemis_ARxUITests.swift */,
				2B07DF472596C64600D91D72 /* Info.plist */,
			);
			path = "Artemis-ARxUITests";
			sourceTree = "<group>";
		};
/* End PBXGroup section */

/* Begin PBXNativeTarget section */
		2B07DF1F2596C64300D91D72 /* Artemis-ARx */ = {
			isa = PBXNativeTarget;
			buildConfigurationList = 2B07DF4A2596C64600D91D72 /* Build configuration list for PBXNativeTarget "Artemis-ARx" */;
			buildPhases = (
				2B07DF1C2596C64300D91D72 /* Sources */,
				2B07DF1D2596C64300D91D72 /* Frameworks */,
				2B07DF1E2596C64300D91D72 /* Resources */,
			);
			buildRules = (
			);
			dependencies = (
			);
			name = "Artemis-ARx";
			productName = "Artemis-ARx";
			productReference = 2B07DF202596C64300D91D72 /* Artemis-ARx.app */;
			productType = "com.apple.product-type.application";
		};
		2B07DF352596C64500D91D72 /* Artemis-ARxTests */ = {
			isa = PBXNativeTarget;
			buildConfigurationList = 2B07DF4D2596C64600D91D72 /* Build configuration list for PBXNativeTarget "Artemis-ARxTests" */;
			buildPhases = (
				2B07DF322596C64500D91D72 /* Sources */,
				2B07DF332596C64500D91D72 /* Frameworks */,
				2B07DF342596C64500D91D72 /* Resources */,
			);
			buildRules = (
			);
			dependencies = (
				2B07DF382596C64500D91D72 /* PBXTargetDependency */,
			);
			name = "Artemis-ARxTests";
			productName = "Artemis-ARxTests";
			productReference = 2B07DF362596C64500D91D72 /* Artemis-ARxTests.xctest */;
			productType = "com.apple.product-type.bundle.unit-test";
		};
		2B07DF402596C64600D91D72 /* Artemis-ARxUITests */ = {
			isa = PBXNativeTarget;
			buildConfigurationList = 2B07DF502596C64600D91D72 /* Build configuration list for PBXNativeTarget "Artemis-ARxUITests" */;
			buildPhases = (
				2B07DF3D2596C64600D91D72 /* Sources */,
				2B07DF3E2596C64600D91D72 /* Frameworks */,
				2B07DF3F2596C64600D91D72 /* Resources */,
			);
			buildRules = (
			);
			dependencies = (
				2B07DF432596C64600D91D72 /* PBXTargetDependency */,
			);
			name = "Artemis-ARxUITests";
			productName = "Artemis-ARxUITests";
			productReference = 2B07DF412596C64600D91D72 /* Artemis-ARxUITests.xctest */;
			productType = "com.apple.product-type.bundle.ui-testing";
		};
/* End PBXNativeTarget section */

/* Begin PBXProject section */
		2B07DF182596C64300D91D72 /* Project object */ = {
			isa = PBXProject;
			attributes = {
				LastSwiftUpdateCheck = 1230;
				LastUpgradeCheck = 1230;
				TargetAttributes = {
					2B07DF1F2596C64300D91D72 = {
						CreatedOnToolsVersion = 12.3;
					};
					2B07DF352596C64500D91D72 = {
						CreatedOnToolsVersion = 12.3;
						TestTargetID = 2B07DF1F2596C64300D91D72;
					};
					2B07DF402596C64600D91D72 = {
						CreatedOnToolsVersion = 12.3;
						TestTargetID = 2B07DF1F2596C64300D91D72;
					};
				};
			};
			buildConfigurationList = 2B07DF1B2596C64300D91D72 /* Build configuration list for PBXProject "Artemis-ARx" */;
			compatibilityVersion = "Xcode 9.3";
			developmentRegion = en;
			hasScannedForEncodings = 0;
			knownRegions = (
				en,
				Base,
			);
			mainGroup = 2B07DF172596C64300D91D72;
			productRefGroup = 2B07DF212596C64300D91D72 /* Products */;
			projectDirPath = "";
			projectRoot = "";
			targets = (
				2B07DF1F2596C64300D91D72 /* Artemis-ARx */,
				2B07DF352596C64500D91D72 /* Artemis-ARxTests */,
				2B07DF402596C64600D91D72 /* Artemis-ARxUITests */,
			);
		};
/* End PBXProject section */

/* Begin PBXResourcesBuildPhase section */
		2B07DF1E2596C64300D91D72 /* Resources */ = {
			isa = PBXResourcesBuildPhase;
			buildActionMask = 2147483647;
			files = (
				2B07DF262596C64300D91D72 /* art.scnassets in Resources */,
				2B07DF302596C64500D91D72 /* LaunchScreen.storyboard in Resources */,
				2B07DF2D2596C64500D91D72 /* Assets.xcassets in Resources */,
				2B07DF2B2596C64300D91D72 /* Main.storyboard in Resources */,
			);
			runOnlyForDeploymentPostprocessing = 0;
		};
		2B07DF342596C64500D91D72 /* Resources */ = {
			isa = PBXResourcesBuildPhase;
			buildActionMask = 2147483647;
			files = (
			);
			runOnlyForDeploymentPostprocessing = 0;
		};
		2B07DF3F2596C64600D91D72 /* Resources */ = {
			isa = PBXResourcesBuildPhase;
			buildActionMask = 2147483647;
			files = (
			);
			runOnlyForDeploymentPostprocessing = 0;
		};
/* End PBXResourcesBuildPhase section */

/* Begin PBXSourcesBuildPhase section */
		2B07DF1C2596C64300D91D72 /* Sources */ = {
			isa = PBXSourcesBuildPhase;
			buildActionMask = 2147483647;
			files = (
				2B07DF282596C64300D91D72 /* ViewController.swift in Sources */,
				2B07DF242596C64300D91D72 /* AppDelegate.swift in Sources */,
			);
			runOnlyForDeploymentPostprocessing = 0;
		};
		2B07DF322596C64500D91D72 /* Sources */ = {
			isa = PBXSourcesBuildPhase;
			buildActionMask = 2147483647;
			files = (
				2B07DF3B2596C64500D91D72 /* Artemis_ARxTests.swift in Sources */,
			);
			runOnlyForDeploymentPostprocessing = 0;
		};
		2B07DF3D2596C64600D91D72 /* Sources */ = {
			isa = PBXSourcesBuildPhase;
			buildActionMask = 2147483647;
			files = (
				2B07DF462596C64600D91D72 /* Artemis_ARxUITests.swift in Sources */,
			);
			runOnlyForDeploymentPostprocessing = 0;
		};
/* End PBXSourcesBuildPhase section */

/* Begin PBXTargetDependency section */
		2B07DF382596C64500D91D72 /* PBXTargetDependency */ = {
			isa = PBXTargetDependency;
			target = 2B07DF1F2596C64300D91D72 /* Artemis-ARx */;
			targetProxy = 2B07DF372596C64500D91D72 /* PBXContainerItemProxy */;
		};
		2B07DF432596C64600D91D72 /* PBXTargetDependency */ = {
			isa = PBXTargetDependency;
			target = 2B07DF1F2596C64300D91D72 /* Artemis-ARx */;
			targetProxy = 2B07DF422596C64600D91D72 /* PBXContainerItemProxy */;
		};
/* End PBXTargetDependency section */

/* Begin PBXVariantGroup section */
		2B07DF292596C64300D91D72 /* Main.storyboard */ = {
			isa = PBXVariantGroup;
			children = (
				2B07DF2A2596C64300D91D72 /* Base */,
			);
			name = Main.storyboard;
			sourceTree = "<group>";
		};
		2B07DF2E2596C64500D91D72 /* LaunchScreen.storyboard */ = {
			isa = PBXVariantGroup;
			children = (
				2B07DF2F2596C64500D91D72 /* Base */,
			);
			name = LaunchScreen.storyboard;
			sourceTree = "<group>";
		};
/* End PBXVariantGroup section */

/* Begin XCBuildConfiguration section */
		2B07DF482596C64600D91D72 /* Debug */ = {
			isa = XCBuildConfiguration;
			buildSettings = {
				ALWAYS_SEARCH_USER_PATHS = NO;
				CLANG_ANALYZER_NONNULL = YES;
				CLANG_ANALYZER_NUMBER_OBJECT_CONVERSION = YES_AGGRESSIVE;
				CLANG_CXX_LANGUAGE_STANDARD = "gnu++14";
				CLANG_CXX_LIBRARY = "libc++";
				CLANG_ENABLE_MODULES = YES;
				CLANG_ENABLE_OBJC_ARC = YES;
				CLANG_ENABLE_OBJC_WEAK = YES;
				CLANG_WARN_BLOCK_CAPTURE_AUTORELEASING = YES;
				CLANG_WARN_BOOL_CONVERSION = YES;
				CLANG_WARN_COMMA = YES;
				CLANG_WARN_CONSTANT_CONVERSION = YES;
				CLANG_WARN_DEPRECATED_OBJC_IMPLEMENTATIONS = YES;
				CLANG_WARN_DIRECT_OBJC_ISA_USAGE = YES_ERROR;
				CLANG_WARN_DOCUMENTATION_COMMENTS = YES;
				CLANG_WARN_EMPTY_BODY = YES;
				CLANG_WARN_ENUM_CONVERSION = YES;
				CLANG_WARN_INFINITE_RECURSION = YES;
				CLANG_WARN_INT_CONVERSION = YES;
				CLANG_WARN_NON_LITERAL_NULL_CONVERSION = YES;
				CLANG_WARN_OBJC_IMPLICIT_RETAIN_SELF = YES;
				CLANG_WARN_OBJC_LITERAL_CONVERSION = YES;
				CLANG_WARN_OBJC_ROOT_CLASS = YES_ERROR;
				CLANG_WARN_QUOTED_INCLUDE_IN_FRAMEWORK_HEADER = YES;
				CLANG_WARN_RANGE_LOOP_ANALYSIS = YES;
				CLANG_WARN_STRICT_PROTOTYPES = YES;
				CLANG_WARN_SUSPICIOUS_MOVE = YES;
				CLANG_WARN_UNGUARDED_AVAILABILITY = YES_AGGRESSIVE;
				CLANG_WARN_UNREACHABLE_CODE = YES;
				CLANG_WARN__DUPLICATE_METHOD_MATCH = YES;
				COPY_PHASE_STRIP = NO;
				DEBUG_INFORMATION_FORMAT = dwarf;
				ENABLE_STRICT_OBJC_MSGSEND = YES;
				ENABLE_TESTABILITY = YES;
				GCC_C_LANGUAGE_STANDARD = gnu11;
				GCC_DYNAMIC_NO_PIC = NO;
				GCC_NO_COMMON_BLOCKS = YES;
				GCC_OPTIMIZATION_LEVEL = 0;
				GCC_PREPROCESSOR_DEFINITIONS = (
					"DEBUG=1",
					"$(inherited)",
				);
				GCC_WARN_64_TO_32_BIT_CONVERSION = YES;
				GCC_WARN_ABOUT_RETURN_TYPE = YES_ERROR;
				GCC_WARN_UNDECLARED_SELECTOR = YES;
				GCC_WARN_UNINITIALIZED_AUTOS = YES_AGGRESSIVE;
				GCC_WARN_UNUSED_FUNCTION = YES;
				GCC_WARN_UNUSED_VARIABLE = YES;
				IPHONEOS_DEPLOYMENT_TARGET = 14.3;
				MTL_ENABLE_DEBUG_INFO = INCLUDE_SOURCE;
				MTL_FAST_MATH = YES;
				ONLY_ACTIVE_ARCH = YES;
				SDKROOT = iphoneos;
				SWIFT_ACTIVE_COMPILATION_CONDITIONS = DEBUG;
				SWIFT_OPTIMIZATION_LEVEL = "-Onone";
			};
			name = Debug;
		};
		2B07DF492596C64600D91D72 /* Release */ = {
			isa = XCBuildConfiguration;
			buildSettings = {
				ALWAYS_SEARCH_USER_PATHS = NO;
				CLANG_ANALYZER_NONNULL = YES;
				CLANG_ANALYZER_NUMBER_OBJECT_CONVERSION = YES_AGGRESSIVE;
				CLANG_CXX_LANGUAGE_STANDARD = "gnu++14";
				CLANG_CXX_LIBRARY = "libc++";
				CLANG_ENABLE_MODULES = YES;
				CLANG_ENABLE_OBJC_ARC = YES;
				CLANG_ENABLE_OBJC_WEAK = YES;
				CLANG_WARN_BLOCK_CAPTURE_AUTORELEASING = YES;
				CLANG_WARN_BOOL_CONVERSION = YES;
				CLANG_WARN_COMMA = YES;
				CLANG_WARN_CONSTANT_CONVERSION = YES;
				CLANG_WARN_DEPRECATED_OBJC_IMPLEMENTATIONS = YES;
				CLANG_WARN_DIRECT_OBJC_ISA_USAGE = YES_ERROR;
				CLANG_WARN_DOCUMENTATION_COMMENTS = YES;
				CLANG_WARN_EMPTY_BODY = YES;
				CLANG_WARN_ENUM_CONVERSION = YES;
				CLANG_WARN_INFINITE_RECURSION = YES;
				CLANG_WARN_INT_CONVERSION = YES;
				CLANG_WARN_NON_LITERAL_NULL_CONVERSION = YES;
				CLANG_WARN_OBJC_IMPLICIT_RETAIN_SELF = YES;
				CLANG_WARN_OBJC_LITERAL_CONVERSION = YES;
				CLANG_WARN_OBJC_ROOT_CLASS = YES_ERROR;
				CLANG_WARN_QUOTED_INCLUDE_IN_FRAMEWORK_HEADER = YES;
				CLANG_WARN_RANGE_LOOP_ANALYSIS = YES;
				CLANG_WARN_STRICT_PROTOTYPES = YES;
				CLANG_WARN_SUSPICIOUS_MOVE = YES;
				CLANG_WARN_UNGUARDED_AVAILABILITY = YES_AGGRESSIVE;
				CLANG_WARN_UNREACHABLE_CODE = YES;
				CLANG_WARN__DUPLICATE_METHOD_MATCH = YES;
				COPY_PHASE_STRIP = NO;
				DEBUG_INFORMATION_FORMAT = "dwarf-with-dsym";
				ENABLE_NS_ASSERTIONS = NO;
				ENABLE_STRICT_OBJC_MSGSEND = YES;
				GCC_C_LANGUAGE_STANDARD = gnu11;
				GCC_NO_COMMON_BLOCKS = YES;
				GCC_WARN_64_TO_32_BIT_CONVERSION = YES;
				GCC_WARN_ABOUT_RETURN_TYPE = YES_ERROR;
				GCC_WARN_UNDECLARED_SELECTOR = YES;
				GCC_WARN_UNINITIALIZED_AUTOS = YES_AGGRESSIVE;
				GCC_WARN_UNUSED_FUNCTION = YES;
				GCC_WARN_UNUSED_VARIABLE = YES;
				IPHONEOS_DEPLOYMENT_TARGET = 14.3;
				MTL_ENABLE_DEBUG_INFO = NO;
				MTL_FAST_MATH = YES;
				SDKROOT = iphoneos;
				SWIFT_COMPILATION_MODE = wholemodule;
				SWIFT_OPTIMIZATION_LEVEL = "-O";
				VALIDATE_PRODUCT = YES;
			};
			name = Release;
		};
		2B07DF4B2596C64600D91D72 /* Debug */ = {
			isa = XCBuildConfiguration;
			buildSettings = {
				ASSETCATALOG_COMPILER_APPICON_NAME = AppIcon;
				ASSETCATALOG_COMPILER_GLOBAL_ACCENT_COLOR_NAME = AccentColor;
				CODE_SIGN_STYLE = Automatic;
				DEVELOPMENT_TEAM = 77525PYLWP;
				INFOPLIST_FILE = "Artemis-ARx/Info.plist";
				LD_RUNPATH_SEARCH_PATHS = (
					"$(inherited)",
					"@executable_path/Frameworks",
				);
				PRODUCT_BUNDLE_IDENTIFIER = "AU.NASA.Artemis-ARx";
				PRODUCT_NAME = "$(TARGET_NAME)";
				SWIFT_VERSION = 5.0;
				TARGETED_DEVICE_FAMILY = "1,2";
			};
			name = Debug;
		};
		2B07DF4C2596C64600D91D72 /* Release */ = {
			isa = XCBuildConfiguration;
			buildSettings = {
				ASSETCATALOG_COMPILER_APPICON_NAME = AppIcon;
				ASSETCATALOG_COMPILER_GLOBAL_ACCENT_COLOR_NAME = AccentColor;
				CODE_SIGN_STYLE = Automatic;
				DEVELOPMENT_TEAM = 77525PYLWP;
				INFOPLIST_FILE = "Artemis-ARx/Info.plist";
				LD_RUNPATH_SEARCH_PATHS = (
					"$(inherited)",
					"@executable_path/Frameworks",
				);
				PRODUCT_BUNDLE_IDENTIFIER = "AU.NASA.Artemis-ARx";
				PRODUCT_NAME = "$(TARGET_NAME)";
				SWIFT_VERSION = 5.0;
				TARGETED_DEVICE_FAMILY = "1,2";
			};
			name = Release;
		};
		2B07DF4E2596C64600D91D72 /* Debug */ = {
			isa = XCBuildConfiguration;
			buildSettings = {
				ALWAYS_EMBED_SWIFT_STANDARD_LIBRARIES = YES;
				BUNDLE_LOADER = "$(TEST_HOST)";
				CODE_SIGN_STYLE = Automatic;
				DEVELOPMENT_TEAM = 77525PYLWP;
				INFOPLIST_FILE = "Artemis-ARxTests/Info.plist";
				IPHONEOS_DEPLOYMENT_TARGET = 14.3;
				LD_RUNPATH_SEARCH_PATHS = (
					"$(inherited)",
					"@executable_path/Frameworks",
					"@loader_path/Frameworks",
				);
				PRODUCT_BUNDLE_IDENTIFIER = "AU.NASA.Artemis-ARxTests";
				PRODUCT_NAME = "$(TARGET_NAME)";
				SWIFT_VERSION = 5.0;
				TARGETED_DEVICE_FAMILY = "1,2";
				TEST_HOST = "$(BUILT_PRODUCTS_DIR)/Artemis-ARx.app/Artemis-ARx";
			};
			name = Debug;
		};
		2B07DF4F2596C64600D91D72 /* Release */ = {
			isa = XCBuildConfiguration;
			buildSettings = {
				ALWAYS_EMBED_SWIFT_STANDARD_LIBRARIES = YES;
				BUNDLE_LOADER = "$(TEST_HOST)";
				CODE_SIGN_STYLE = Automatic;
				DEVELOPMENT_TEAM = 77525PYLWP;
				INFOPLIST_FILE = "Artemis-ARxTests/Info.plist";
				IPHONEOS_DEPLOYMENT_TARGET = 14.3;
				LD_RUNPATH_SEARCH_PATHS = (
					"$(inherited)",
					"@executable_path/Frameworks",
					"@loader_path/Frameworks",
				);
				PRODUCT_BUNDLE_IDENTIFIER = "AU.NASA.Artemis-ARxTests";
				PRODUCT_NAME = "$(TARGET_NAME)";
				SWIFT_VERSION = 5.0;
				TARGETED_DEVICE_FAMILY = "1,2";
				TEST_HOST = "$(BUILT_PRODUCTS_DIR)/Artemis-ARx.app/Artemis-ARx";
			};
			name = Release;
		};
		2B07DF512596C64600D91D72 /* Debug */ = {
			isa = XCBuildConfiguration;
			buildSettings = {
				ALWAYS_EMBED_SWIFT_STANDARD_LIBRARIES = YES;
				CODE_SIGN_STYLE = Automatic;
				DEVELOPMENT_TEAM = 77525PYLWP;
				INFOPLIST_FILE = "Artemis-ARxUITests/Info.plist";
				LD_RUNPATH_SEARCH_PATHS = (
					"$(inherited)",
					"@executable_path/Frameworks",
					"@loader_path/Frameworks",
				);
				PRODUCT_BUNDLE_IDENTIFIER = "AU.NASA.Artemis-ARxUITests";
				PRODUCT_NAME = "$(TARGET_NAME)";
				SWIFT_VERSION = 5.0;
				TARGETED_DEVICE_FAMILY = "1,2";
				TEST_TARGET_NAME = "Artemis-ARx";
			};
			name = Debug;
		};
		2B07DF522596C64600D91D72 /* Release */ = {
			isa = XCBuildConfiguration;
			buildSettings = {
				ALWAYS_EMBED_SWIFT_STANDARD_LIBRARIES = YES;
				CODE_SIGN_STYLE = Automatic;
				DEVELOPMENT_TEAM = 77525PYLWP;
				INFOPLIST_FILE = "Artemis-ARxUITests/Info.plist";
				LD_RUNPATH_SEARCH_PATHS = (
					"$(inherited)",
					"@executable_path/Frameworks",
					"@loader_path/Frameworks",
				);
				PRODUCT_BUNDLE_IDENTIFIER = "AU.NASA.Artemis-ARxUITests";
				PRODUCT_NAME = "$(TARGET_NAME)";
				SWIFT_VERSION = 5.0;
				TARGETED_DEVICE_FAMILY = "1,2";
				TEST_TARGET_NAME = "Artemis-ARx";
			};
			name = Release;
		};
/* End XCBuildConfiguration section */

/* Begin XCConfigurationList section */
		2B07DF1B2596C64300D91D72 /* Build configuration list for PBXProject "Artemis-ARx" */ = {
			isa = XCConfigurationList;
			buildConfigurations = (
				2B07DF482596C64600D91D72 /* Debug */,
				2B07DF492596C64600D91D72 /* Release */,
			);
			defaultConfigurationIsVisible = 0;
			defaultConfigurationName = Release;
		};
		2B07DF4A2596C64600D91D72 /* Build configuration list for PBXNativeTarget "Artemis-ARx" */ = {
			isa = XCConfigurationList;
			buildConfigurations = (
				2B07DF4B2596C64600D91D72 /* Debug */,
				2B07DF4C2596C64600D91D72 /* Release */,
			);
			defaultConfigurationIsVisible = 0;
			defaultConfigurationName = Release;
		};
		2B07DF4D2596C64600D91D72 /* Build configuration list for PBXNativeTarget "Artemis-ARxTests" */ = {
			isa = XCConfigurationList;
			buildConfigurations = (
				2B07DF4E2596C64600D91D72 /* Debug */,
				2B07DF4F2596C64600D91D72 /* Release */,
			);
			defaultConfigurationIsVisible = 0;
			defaultConfigurationName = Release;
		};
		2B07DF502596C64600D91D72 /* Build configuration list for PBXNativeTarget "Artemis-ARxUITests" */ = {
			isa = XCConfigurationList;
			buildConfigurations = (
				2B07DF512596C64600D91D72 /* Debug */,
				2B07DF522596C64600D91D72 /* Release */,
			);
			defaultConfigurationIsVisible = 0;
			defaultConfigurationName = Release;
		};
/* End XCConfigurationList section */
	};
	rootObject = 2B07DF182596C64300D91D72 /* Project object */;
}
